
Microsoft Visual Studio Solution File, Format Version 12.00
# Visual Studio Version 16
VisualStudioVersion = 16.0.30011.22
MinimumVisualStudioVersion = 10.0.40219.1
Project("{FAE04EC0-301F-11D3-BF4B-00C04F79EFBC}") = "JobBoard.UI.MVC", "src\JobBoard.UI.MVC\JobBoard.UI.MVC.csproj", "{CF951EAD-68B1-4B12-BD26-2013A25CA834}"
EndProject
Project("{FAE04EC0-301F-11D3-BF4B-00C04F79EFBC}") = "JobBoard.DATA.EF", "src\JobBoard.DATA.EF\JobBoard.DATA.EF.csproj", "{FF79E78C-2FDC-412A-B84A-DD7906E880ED}"
EndProject
Global
	GlobalSection(SolutionConfigurationPlatforms) = preSolution
		Debug|Any CPU = Debug|Any CPU
		Release|Any CPU = Release|Any CPU
	EndGlobalSection
	GlobalSection(ProjectConfigurationPlatforms) = postSolution
		{CF951EAD-68B1-4B12-BD26-2013A25CA834}.Debug|Any CPU.ActiveCfg = Debug|Any CPU
		{CF951EAD-68B1-4B12-BD26-2013A25CA834}.Debug|Any CPU.Build.0 = Debug|Any CPU
		{CF951EAD-68B1-4B12-BD26-2013A25CA834}.Release|Any CPU.ActiveCfg = Release|Any CPU
		{CF951EAD-68B1-4B12-BD26-2013A25CA834}.Release|Any CPU.Build.0 = Release|Any CPU
		{FF79E78C-2FDC-412A-B84A-DD7906E880ED}.Debug|Any CPU.ActiveCfg = Debug|Any CPU
		{FF79E78C-2FDC-412A-B84A-DD7906E880ED}.Debug|Any CPU.Build.0 = Debug|Any CPU
		{FF79E78C-2FDC-412A-B84A-DD7906E880ED}.Release|Any CPU.ActiveCfg = Release|Any CPU
		{FF79E78C-2FDC-412A-B84A-DD7906E880ED}.Release|Any CPU.Build.0 = Release|Any CPU
	EndGlobalSection
	GlobalSection(SolutionProperties) = preSolution
		HideSolutionNode = FALSE
	EndGlobalSection
	GlobalSection(ExtensibilityGlobals) = postSolution
		SolutionGuid = {E067E30C-DA33-48AF-A5EC-6E667DE96410}
	EndGlobalSection
EndGlobal
